{
  "name": "devtalk",
  "version": "1.0.0",
  "lockfileVersion": 1,
  "requires": true,
  "dependencies": {
    "asap": {
      "version": "2.0.4",
      "resolved": "http://registry.npmjs.org/asap/-/asap-2.0.4.tgz",
      "integrity": "sha1-s5G/f2v7xlcGAi/sj0nEsH/s9Yk="
    },
    "balanced-match": {
      "version": "0.4.2",
      "resolved": "http://registry.npmjs.org/balanced-match/-/balanced-match-0.4.2.tgz",
      "integrity": "sha1-yz8+PHMtwPAe5wtAPzAuYddwmDg=",
      "dev": true
    },
    "brace-expansion": {
      "version": "1.1.6",
      "resolved": "http://registry.npmjs.org/brace-expansion/-/brace-expansion-1.1.6.tgz",
      "integrity": "sha1-cZfX6qm4fmSDkOph/GbIRCdCDfk=",
      "dev": true,
      "requires": {
        "balanced-match": "0.4.2",
        "concat-map": "0.0.1"
      }
    },
    "concat-map": {
      "version": "0.0.1",
      "resolved": "http://registry.npmjs.org/concat-map/-/concat-map-0.0.1.tgz",
      "integrity": "sha1-2Klr13/Wjfd5OnMDajug1UBdR3s=",
      "dev": true
    },
    "core-js": {
      "version": "1.2.7",
      "resolved": "http://registry.npmjs.org/core-js/-/core-js-1.2.7.tgz",
      "integrity": "sha1-ZSKUwUZR2yj6k70tX/KYOk8IxjY="
    },
    "encoding": {
      "version": "0.1.12",
      "resolved": "http://registry.npmjs.org/encoding/-/encoding-0.1.12.tgz",
      "integrity": "sha1-U4tm8+5izRq1HsMjgp0flIDHS+s=",
      "requires": {
        "iconv-lite": "0.4.13"
      }
    },
    "fbjs": {
      "version": "0.8.4",
      "resolved": "http://registry.npmjs.org/fbjs/-/fbjs-0.8.4.tgz",
      "integrity": "sha1-h1zjWCr5UlUgvbncX2HpUfpARvE=",
      "requires": {
        "core-js": "1.2.7",
        "immutable": "3.8.1",
        "isomorphic-fetch": "2.2.1",
        "loose-envify": "1.2.0",
        "object-assign": "4.1.0",
        "promise": "7.1.1",
        "ua-parser-js": "0.7.10"
      }
    },
    "fs.realpath": {
      "version": "1.0.0",
      "resolved": "http://registry.npmjs.org/fs.realpath/-/fs.realpath-1.0.0.tgz",
      "integrity": "sha1-FQStJSMVjKpA20onh8sBQRmU6k8=",
      "dev": true
    },
    "glob": {
      "version": "7.0.6",
      "resolved": "http://registry.npmjs.org/glob/-/glob-7.0.6.tgz",
      "integrity": "sha1-IRuvr0nlJbjNkyYNFKsTYVKz9Xo=",
      "dev": true,
      "requires": {
        "fs.realpath": "1.0.0",
        "inflight": "1.0.5",
        "inherits": "2.0.3",
        "minimatch": "3.0.3",
        "once": "1.4.0",
        "path-is-absolute": "1.0.0"
      }
    },
    "iconv-lite": {
      "version": "0.4.13",
      "resolved": "http://registry.npmjs.org/iconv-lite/-/iconv-lite-0.4.13.tgz",
      "integrity": "sha1-H4irpKsLFQjoMSrMOTRfNumS4vI="
    },
    "immutable": {
      "version": "3.8.1",
      "resolved": "http://registry.npmjs.org/immutable/-/immutable-3.8.1.tgz",
      "integrity": "sha1-IAgH8Rqw9ycQ6khVQt4IgHX2jNI="
    },
    "inflight": {
      "version": "1.0.5",
      "resolved": "http://registry.npmjs.org/inflight/-/inflight-1.0.5.tgz",
      "integrity": "sha1-2zIEzVqd4ubNiQuFxuL2a89PYgo=",
      "dev": true,
      "requires": {
        "once": "1.4.0",
        "wrappy": "1.0.2"
      }
    },
    "inherits": {
      "version": "2.0.3",
      "resolved": "http://registry.npmjs.org/inherits/-/inherits-2.0.3.tgz",
      "integrity": "sha1-Yzwsg+PaQqUC9SRmAiSA9CCCYd4=",
      "dev": true
    },
    "is-stream": {
      "version": "1.1.0",
      "resolved": "http://registry.npmjs.org/is-stream/-/is-stream-1.1.0.tgz",
      "integrity": "sha1-EtSj3U5o4Lec6428hBc66A2RykQ="
    },
    "isomorphic-fetch": {
      "version": "2.2.1",
      "resolved": "http://registry.npmjs.org/isomorphic-fetch/-/isomorphic-fetch-2.2.1.tgz",
      "integrity": "sha1-YRrhrPFPXoH3KVB0coGf6XM1WKk=",
      "requires": {
        "node-fetch": "1.6.1",
        "whatwg-fetch": "1.0.0"
      }
    },
    "js-tokens": {
      "version": "1.0.3",
      "resolved": "http://registry.npmjs.org/js-tokens/-/js-tokens-1.0.3.tgz",
      "integrity": "sha1-FOVutoyPGpLEPVn1AU7CncIPKuE="
    },
    "loose-envify": {
      "version": "1.2.0",
      "resolved": "http://registry.npmjs.org/loose-envify/-/loose-envify-1.2.0.tgz",
      "integrity": "sha1-aaZarT3lQs9O4PT+dOjjPHCcyw8=",
      "requires": {
        "js-tokens": "1.0.3"
      }
    },
    "minimatch": {
      "version": "3.0.3",
      "resolved": "http://registry.npmjs.org/minimatch/-/minimatch-3.0.3.tgz",
      "integrity": "sha1-Kk5AkLlrLbBqnX3wEFWmKnfJt3Q=",
      "dev": true,
      "requires": {
        "brace-expansion": "1.1.6"
      }
    },
    "node-fetch": {
      "version": "1.6.1",
      "resolved": "http://registry.npmjs.org/node-fetch/-/node-fetch-1.6.1.tgz",
      "integrity": "sha1-KsdIWUzIJhDamnoyxTB3fc/LUf8=",
      "requires": {
        "encoding": "0.1.12",
        "is-stream": "1.1.0"
      }
    },
    "object-assign": {
      "version": "4.1.0",
      "resolved": "http://registry.npmjs.org/object-assign/-/object-assign-4.1.0.tgz",
      "integrity": "sha1-ejs9DpgGPUP0wD8uiubNUahog6A="
    },
    "once": {
      "version": "1.4.0",
      "resolved": "http://registry.npmjs.org/once/-/once-1.4.0.tgz",
      "integrity": "sha1-WDsap3WWHUsROsF9nFC6753Xa9E=",
      "dev": true,
      "requires": {
        "wrappy": "1.0.2"
      }
    },
    "path-is-absolute": {
      "version": "1.0.0",
      "resolved": "http://registry.npmjs.org/path-is-absolute/-/path-is-absolute-1.0.0.tgz",
      "integrity": "sha1-Jj2tpmqz8vsQv3+dJN2PPlcO+RI=",
      "dev": true
    },
    "promise": {
      "version": "7.1.1",
      "resolved": "http://registry.npmjs.org/promise/-/promise-7.1.1.tgz",
      "integrity": "sha1-SJZUxpJha4qlWwck+oCbt9tJxb8=",
      "requires": {
        "asap": "2.0.4"
      }
    },
    "react": {
      "version": "15.3.1",
      "resolved": "http://registry.npmjs.org/react/-/react-15.3.1.tgz",
      "integrity": "sha1-94UB7YwuxubjHDIjZS6X8TadK9Y=",
      "requires": {
        "fbjs": "0.8.4",
        "loose-envify": "1.2.0",
        "object-assign": "4.1.0"
      }
    },
    "rimraf": {
      "version": "2.5.4",
      "resolved": "http://registry.npmjs.org/rimraf/-/rimraf-2.5.4.tgz",
      "integrity": "sha1-loAAk8vxoMhr2VtGJUZ1NcKd+gQ=",
      "dev": true,
      "requires": {
        "glob": "7.0.6"
      }
    },
    "typescript": {
      "version": "2.1.0-dev.20160919",
      "resolved": "http://registry.npmjs.org/typescript/-/typescript-2.1.0-dev.20160919.tgz",
      "integrity": "sha1-6Mn5F1pJpHE1oaedyklnbFExHho=",
      "dev": true
    },
    "ua-parser-js": {
      "version": "0.7.10",
      "resolved": "http://registry.npmjs.org/ua-parser-js/-/ua-parser-js-0.7.10.tgz",
      "integrity": "sha1-kXVZ3czgfLwJ7OfYBJXkwmj0758="
    },
    "whatwg-fetch": {
      "version": "1.0.0",
      "resolved": "http://registry.npmjs.org/whatwg-fetch/-/whatwg-fetch-1.0.0.tgz",
      "integrity": "sha1-AcKsTfQOI2qqGEgOO+dL1cjreY4="
    },
    "wrappy": {
      "version": "1.0.2",
      "resolved": "http://registry.npmjs.org/wrappy/-/wrappy-1.0.2.tgz",
      "integrity": "sha1-tSQ9jz7BqjXxNkYFvA0QNuMKtp8=",
      "dev": true
    }
  }
}
